
Microsoft Visual Studio Solution File, Format Version 12.00
# Visual Studio Version 17
VisualStudioVersion = 17.10.34928.147
MinimumVisualStudioVersion = 10.0.40219.1
Project("{8BC9CEB8-8B4A-11D0-8D11-00A0C91BC942}") = "ChemicalVisualiser", "ChemicalVisualiser.vcxproj", "{CF7FD789-B946-49AF-9C2A-C08872935BE0}"
EndProject
Global
	GlobalSection(SolutionConfigurationPlatforms) = preSolution
		Debug|x64 = Debug|x64
		Debug|x86 = Debug|x86
		Release|x64 = Release|x64
		Release|x86 = Release|x86
	EndGlobalSection
	GlobalSection(ProjectConfigurationPlatforms) = postSolution
		{CF7FD789-B946-49AF-9C2A-C08872935BE0}.Debug|x64.ActiveCfg = Debug|x64
		{CF7FD789-B946-49AF-9C2A-C08872935BE0}.Debug|x64.Build.0 = Debug|x64
		{CF7FD789-B946-49AF-9C2A-C08872935BE0}.Debug|x86.ActiveCfg = Debug|Win32
		{CF7FD789-B946-49AF-9C2A-C08872935BE0}.Debug|x86.Build.0 = Debug|Win32
		{CF7FD789-B946-49AF-9C2A-C08872935BE0}.Release|x64.ActiveCfg = Release|x64
		{CF7FD789-B946-49AF-9C2A-C08872935BE0}.Release|x64.Build.0 = Release|x64
		{CF7FD789-B946-49AF-9C2A-C08872935BE0}.Release|x86.ActiveCfg = Release|Win32
		{CF7FD789-B946-49AF-9C2A-C08872935BE0}.Release|x86.Build.0 = Release|Win32
	EndGlobalSection
	GlobalSection(SolutionProperties) = preSolution
		HideSolutionNode = FALSE
	EndGlobalSection
	GlobalSection(ExtensibilityGlobals) = postSolution
		SolutionGuid = {01D44607-549A-4CB9-ACE6-A1C4EA768CBE}
	EndGlobalSection
EndGlobal
