<?xml version="1.0" encoding="utf-8"?>
<Project ToolsVersion="4.0" xmlns="http://schemas.microsoft.com/developer/msbuild/2003">
  <ItemGroup>
    <Filter Include="Source Files">
      <UniqueIdentifier>{4FC737F1-C7A5-4376-A066-2A32D752A2FF}</UniqueIdentifier>
      <Extensions>cpp;c;cc;cxx;c++;cppm;ixx;def;odl;idl;hpj;bat;asm;asmx</Extensions>
    </Filter>
    <Filter Include="Header Files">
      <UniqueIdentifier>{93995380-89BD-4b04-88EB-625FBE52EBFB}</UniqueIdentifier>
      <Extensions>h;hh;hpp;hxx;h++;hm;inl;inc;ipp;xsd</Extensions>
    </Filter>
    <Filter Include="Resource Files">
      <UniqueIdentifier>{67DA6AB6-F800-4c08-8B7A-83BB121AAD01}</UniqueIdentifier>
      <Extensions>rc;ico;cur;bmp;dlg;rc2;rct;bin;rgs;gif;jpg;jpeg;jpe;resx;tiff;tif;png;wav;mfcribbon-ms</Extensions>
    </Filter>
    <Filter Include="Resource Files\Shaders">
      <UniqueIdentifier>{ca0df2f8-17c0-4dea-bcb3-e59cf361d7b5}</UniqueIdentifier>
    </Filter>
    <Filter Include="Resource Files\Textures">
      <UniqueIdentifier>{f6080764-d9f4-4194-b332-cb4f1e8bf880}</UniqueIdentifier>
    </Filter>
    <Filter Include="Source Files\Renderer">
      <UniqueIdentifier>{b3e6baf8-35fb-4ac7-8385-2c7db46bdc87}</UniqueIdentifier>
    </Filter>
    <Filter Include="Header Files\Renderer">
      <UniqueIdentifier>{a6d3c8a2-c4ea-464c-b6d3-83fe91485cfb}</UniqueIdentifier>
    </Filter>
    <Filter Include="Header Files\ChemVis">
      <UniqueIdentifier>{fb640ee8-cb78-4c9b-8eba-d6636038a190}</UniqueIdentifier>
    </Filter>
    <Filter Include="Source Files\ChemVis">
      <UniqueIdentifier>{fa55c786-eff0-441f-ae25-2b11989f1651}</UniqueIdentifier>
    </Filter>
    <Filter Include="Source Files\ChemVis\GUI">
      <UniqueIdentifier>{ee7eea67-bf0a-4611-afc0-f12927124bb0}</UniqueIdentifier>
    </Filter>
    <Filter Include="Resource Files\Shaders\Grid">
      <UniqueIdentifier>{c87757a7-c709-43e0-b92f-ebcae7f2f516}</UniqueIdentifier>
    </Filter>
    <Filter Include="Resource Files\Shaders\Default">
      <UniqueIdentifier>{52eedbf9-38cd-47b7-bff4-a326666b0303}</UniqueIdentifier>
    </Filter>
    <Filter Include="Resource Files\Shaders\Atom">
      <UniqueIdentifier>{787ad772-8498-4163-8993-82dc0b98ed32}</UniqueIdentifier>
    </Filter>
    <Filter Include="Resource Files\Shaders\Bond">
      <UniqueIdentifier>{9b232fc7-4ee5-4df6-abb6-19bf66252d3c}</UniqueIdentifier>
    </Filter>
    <Filter Include="Source Files\ChemVis\GUI\ChemicalInputWindow">
      <UniqueIdentifier>{2d279602-df58-4b38-83bc-cdbecb093b3b}</UniqueIdentifier>
    </Filter>
    <Filter Include="Header Files\MultiViewport">
      <UniqueIdentifier>{164a0619-9b6b-4cb3-9c2c-0302e9211ed0}</UniqueIdentifier>
    </Filter>
    <Filter Include="Source Files\MultiViewport">
      <UniqueIdentifier>{e685d56d-ee1b-4504-bcf6-c4a24f7ec3ba}</UniqueIdentifier>
    </Filter>
    <Filter Include="Header Files\Camera">
      <UniqueIdentifier>{15c6d4ad-07f2-4593-8563-4390fb4f244b}</UniqueIdentifier>
    </Filter>
    <Filter Include="Source Files\Camera">
      <UniqueIdentifier>{8e72acb5-a1c6-4e4a-9eef-5585a53c69d6}</UniqueIdentifier>
    </Filter>
    <Filter Include="Library Files">
      <UniqueIdentifier>{d0a2fe05-f04c-4aff-876d-b9df6f912c4b}</UniqueIdentifier>
    </Filter>
    <Filter Include="Library Files\ImGUI">
      <UniqueIdentifier>{ba6bb28d-9d00-4a4b-8d44-c7ce9afdf3c5}</UniqueIdentifier>
    </Filter>
    <Filter Include="Header Files\ChemVis\Data">
      <UniqueIdentifier>{c26af665-889b-4de8-ad77-707b4eecdd0d}</UniqueIdentifier>
    </Filter>
    <Filter Include="Header Files\ChemVis\Settings">
      <UniqueIdentifier>{14a1f6b9-94cd-4d77-9385-31766460e53f}</UniqueIdentifier>
    </Filter>
    <Filter Include="Header Files\ChemVis\Chemical Input">
      <UniqueIdentifier>{8446bd39-35a5-4be0-acb6-253717800283}</UniqueIdentifier>
    </Filter>
    <Filter Include="Source Files\ChemVis\Data">
      <UniqueIdentifier>{12ca8a48-38db-46cb-9ba8-77e278456f14}</UniqueIdentifier>
    </Filter>
    <Filter Include="Source Files\ChemVis\Settings">
      <UniqueIdentifier>{d7d0df48-f01b-4c60-b89f-cc5c192c4820}</UniqueIdentifier>
    </Filter>
    <Filter Include="Resource Files\Shaders\Startup">
      <UniqueIdentifier>{e5c589b6-66b6-4ed6-81cc-e3109f8d985a}</UniqueIdentifier>
    </Filter>
    <Filter Include="Resource Files\ChemicalData">
      <UniqueIdentifier>{dbcb6742-9487-4eb6-ba75-4291467683d7}</UniqueIdentifier>
    </Filter>
  </ItemGroup>
  <ItemGroup>
    <ClCompile Include="Renderer\VBO.cpp">
      <Filter>Source Files\Renderer</Filter>
    </ClCompile>
    <ClCompile Include="Renderer\EBO.cpp">
      <Filter>Source Files\Renderer</Filter>
    </ClCompile>
    <ClCompile Include="Renderer\Mesh.cpp">
      <Filter>Source Files\Renderer</Filter>
    </ClCompile>
    <ClCompile Include="Renderer\Model.cpp">
      <Filter>Source Files\Renderer</Filter>
    </ClCompile>
    <ClCompile Include="Renderer\ShaderClass.cpp">
      <Filter>Source Files\Renderer</Filter>
    </ClCompile>
    <ClCompile Include="Renderer\Texture.cpp">
      <Filter>Source Files\Renderer</Filter>
    </ClCompile>
    <ClCompile Include="Renderer\VAO.cpp">
      <Filter>Source Files\Renderer</Filter>
    </ClCompile>
    <ClCompile Include="Renderer\DebugLine.cpp">
      <Filter>Source Files\Renderer</Filter>
    </ClCompile>
    <ClCompile Include="Renderer\Grid.cpp">
      <Filter>Source Files\Renderer</Filter>
    </ClCompile>
    <ClCompile Include="Renderer\Object.cpp">
      <Filter>Source Files\Renderer</Filter>
    </ClCompile>
    <ClCompile Include="Renderer\ObjectArray.cpp">
      <Filter>Source Files\Renderer</Filter>
    </ClCompile>
    <ClCompile Include="Main.cpp">
      <Filter>Source Files</Filter>
    </ClCompile>
    <ClCompile Include="Libraries\include\imgui\imgui_demo.cpp">
      <Filter>Library Files\ImGUI</Filter>
    </ClCompile>
    <ClCompile Include="Libraries\include\imgui\imgui_draw.cpp">
      <Filter>Library Files\ImGUI</Filter>
    </ClCompile>
    <ClCompile Include="Libraries\include\imgui\imgui_widgets.cpp">
      <Filter>Library Files\ImGUI</Filter>
    </ClCompile>
    <ClCompile Include="Libraries\include\imgui\imgui.cpp">
      <Filter>Library Files\ImGUI</Filter>
    </ClCompile>
    <ClCompile Include="Libraries\include\imgui\backends\imgui_impl_opengl3.cpp">
      <Filter>Library Files\ImGUI</Filter>
    </ClCompile>
    <ClCompile Include="Libraries\include\imgui\backends\imgui_impl_glfw.cpp">
      <Filter>Library Files\ImGUI</Filter>
    </ClCompile>
    <ClCompile Include="Libraries\include\imgui\imgui_tables.cpp">
      <Filter>Library Files\ImGUI</Filter>
    </ClCompile>
    <ClCompile Include="ChemicalVis\GUI.cpp">
      <Filter>Source Files\ChemVis\GUI</Filter>
    </ClCompile>
    <ClCompile Include="ChemicalVis\RenderOptions.cpp">
      <Filter>Source Files\ChemVis\GUI</Filter>
    </ClCompile>
    <ClCompile Include="ChemicalDataCache.cpp">
      <Filter>Source Files\ChemVis</Filter>
    </ClCompile>
    <ClCompile Include="ChemicalVis\GlobalClass.cpp">
      <Filter>Source Files\ChemVis</Filter>
    </ClCompile>
    <ClCompile Include="ChemicalVis\ChemicalWindow.cpp">
      <Filter>Source Files\ChemVis\GUI\ChemicalInputWindow</Filter>
    </ClCompile>
    <ClCompile Include="ChemicalVis\ChemicalInputHandling.cpp">
      <Filter>Source Files\ChemVis\GUI\ChemicalInputWindow</Filter>
    </ClCompile>
    <ClCompile Include="ChemicalVis\PubchemAccess.cpp">
      <Filter>Source Files\ChemVis\GUI\ChemicalInputWindow</Filter>
    </ClCompile>
    <ClCompile Include="ChemicalVis\DrawChemical.cpp">
      <Filter>Source Files\ChemVis</Filter>
    </ClCompile>
    <ClCompile Include="Viewport.cpp">
      <Filter>Source Files\MultiViewport</Filter>
    </ClCompile>
    <ClCompile Include="Camera2D.cpp">
      <Filter>Source Files\Camera</Filter>
    </ClCompile>
    <ClCompile Include="ArcBallCamera.cpp">
      <Filter>Source Files\Camera</Filter>
    </ClCompile>
    <ClCompile Include="Renderer\Camera.cpp">
      <Filter>Source Files\Camera</Filter>
    </ClCompile>
    <ClCompile Include="Renderer\glad.c">
      <Filter>Library Files</Filter>
    </ClCompile>
    <ClCompile Include="Renderer\stb.cpp">
      <Filter>Library Files</Filter>
    </ClCompile>
    <ClCompile Include="ChemicalVis\Atom.cpp">
      <Filter>Source Files\ChemVis\Data</Filter>
    </ClCompile>
    <ClCompile Include="ChemicalVis\Chemical.cpp">
      <Filter>Source Files\ChemVis\Data</Filter>
    </ClCompile>
    <ClCompile Include="ChemicalVis\Settings.cpp">
      <Filter>Source Files\ChemVis\Settings</Filter>
    </ClCompile>
    <ClCompile Include="3DVisualiser.cpp">
      <Filter>Source Files\MultiViewport</Filter>
    </ClCompile>
    <ClCompile Include="SettingsUI.cpp">
      <Filter>Source Files\ChemVis\Settings</Filter>
    </ClCompile>
    <ClCompile Include="2DVisualiser.cpp">
      <Filter>Source Files\MultiViewport</Filter>
    </ClCompile>
    <ClCompile Include="StartupScreen.cpp">
      <Filter>Source Files\ChemVis</Filter>
    </ClCompile>
  </ItemGroup>
  <ItemGroup>
    <None Include="Shaders\axisLines.frag">
      <Filter>Resource Files\Shaders\Grid</Filter>
    </None>
    <None Include="Shaders\axisLines.vert">
      <Filter>Resource Files\Shaders\Grid</Filter>
    </None>
    <None Include="Shaders\gridLines.frag">
      <Filter>Resource Files\Shaders\Grid</Filter>
    </None>
    <None Include="Shaders\default.frag">
      <Filter>Resource Files\Shaders\Default</Filter>
    </None>
    <None Include="Shaders\default.vert">
      <Filter>Resource Files\Shaders\Default</Filter>
    </None>
    <None Include="Shaders\defaultInstanced.vert">
      <Filter>Resource Files\Shaders\Default</Filter>
    </None>
    <None Include="Shaders\atom3D.frag">
      <Filter>Resource Files\Shaders\Atom</Filter>
    </None>
    <None Include="Shaders\atom.vert">
      <Filter>Resource Files\Shaders\Atom</Filter>
    </None>
    <None Include="Shaders\DebugLine.vert">
      <Filter>Resource Files\Shaders\Grid</Filter>
    </None>
    <None Include="Shaders\bond.frag">
      <Filter>Resource Files\Shaders\Bond</Filter>
    </None>
    <None Include="Shaders\bond.vert">
      <Filter>Resource Files\Shaders\Bond</Filter>
    </None>
    <None Include="Shaders\atom2D.frag">
      <Filter>Resource Files\Shaders\Atom</Filter>
    </None>
    <None Include="Settings.json">
      <Filter>Resource Files</Filter>
    </None>
    <None Include="Shaders\Startup.frag">
      <Filter>Resource Files\Shaders\Startup</Filter>
    </None>
    <None Include="Shaders\Startup.vert">
      <Filter>Resource Files\Shaders\Startup</Filter>
    </None>
    <None Include="ChemicalData\65157.json">
      <Filter>Resource Files\ChemicalData</Filter>
    </None>
    <None Include="ChemicalData\65157_conformers.json">
      <Filter>Resource Files\ChemicalData</Filter>
    </None>
  </ItemGroup>
  <ItemGroup>
    <ClInclude Include="Renderer\EBO.h">
      <Filter>Header Files\Renderer</Filter>
    </ClInclude>
    <ClInclude Include="Renderer\Mesh.h">
      <Filter>Header Files\Renderer</Filter>
    </ClInclude>
    <ClInclude Include="Renderer\Model.h">
      <Filter>Header Files\Renderer</Filter>
    </ClInclude>
    <ClInclude Include="Renderer\ShaderClass.h">
      <Filter>Header Files\Renderer</Filter>
    </ClInclude>
    <ClInclude Include="Renderer\Texture.h">
      <Filter>Header Files\Renderer</Filter>
    </ClInclude>
    <ClInclude Include="Renderer\VAO.h">
      <Filter>Header Files\Renderer</Filter>
    </ClInclude>
    <ClInclude Include="Renderer\VBO.h">
      <Filter>Header Files\Renderer</Filter>
    </ClInclude>
    <ClInclude Include="Renderer\DebugLine.h">
      <Filter>Header Files\Renderer</Filter>
    </ClInclude>
    <ClInclude Include="Renderer\Grid.h">
      <Filter>Header Files\Renderer</Filter>
    </ClInclude>
    <ClInclude Include="Renderer\Object.h">
      <Filter>Header Files\Renderer</Filter>
    </ClInclude>
    <ClInclude Include="Renderer\ObjectArray.h">
      <Filter>Header Files\Renderer</Filter>
    </ClInclude>
    <ClInclude Include="ChemicalVis\GlobalClass.h">
      <Filter>Header Files\ChemVis</Filter>
    </ClInclude>
    <ClInclude Include="ChemicalVis\DrawChemical.h">
      <Filter>Header Files\ChemVis</Filter>
    </ClInclude>
    <ClInclude Include="Viewport.h">
      <Filter>Header Files\MultiViewport</Filter>
    </ClInclude>
    <ClInclude Include="Camera2D.h">
      <Filter>Header Files\Camera</Filter>
    </ClInclude>
    <ClInclude Include="ArcBallCamera.h">
      <Filter>Header Files\Camera</Filter>
    </ClInclude>
    <ClInclude Include="Renderer\Camera.h">
      <Filter>Header Files\Camera</Filter>
    </ClInclude>
    <ClInclude Include="ChemicalVis\Atom.h">
      <Filter>Header Files\ChemVis\Data</Filter>
    </ClInclude>
    <ClInclude Include="ChemicalVis\Chemical.h">
      <Filter>Header Files\ChemVis\Data</Filter>
    </ClInclude>
    <ClInclude Include="ChemicalDataCache.h">
      <Filter>Header Files\ChemVis\Data</Filter>
    </ClInclude>
    <ClInclude Include="ChemicalVis\Settings.h">
      <Filter>Header Files\ChemVis\Settings</Filter>
    </ClInclude>
    <ClInclude Include="ChemicalVis\ChemicalInputHandling.h">
      <Filter>Header Files\ChemVis\Chemical Input</Filter>
    </ClInclude>
    <ClInclude Include="ChemicalVis\ChemicalWindow.h">
      <Filter>Header Files\ChemVis\Chemical Input</Filter>
    </ClInclude>
    <ClInclude Include="ChemicalVis\GUI.h">
      <Filter>Header Files\ChemVis</Filter>
    </ClInclude>
    <ClInclude Include="ChemicalVis\RenderOptions.h">
      <Filter>Header Files\ChemVis</Filter>
    </ClInclude>
    <ClInclude Include="ChemicalVis\PubchemAccess.h">
      <Filter>Header Files\ChemVis\Chemical Input</Filter>
    </ClInclude>
    <ClInclude Include="3DVisualiser.h">
      <Filter>Header Files\MultiViewport</Filter>
    </ClInclude>
    <ClInclude Include="2DVisualiser.h">
      <Filter>Header Files\MultiViewport</Filter>
    </ClInclude>
    <ClInclude Include="SettingsUI.h">
      <Filter>Header Files\ChemVis\Settings</Filter>
    </ClInclude>
    <ClInclude Include="resource.h">
      <Filter>Header Files</Filter>
    </ClInclude>
    <ClInclude Include="StartupScreen.h">
      <Filter>Header Files\ChemVis</Filter>
    </ClInclude>
  </ItemGroup>
  <ItemGroup>
    <ResourceCompile Include="ChemicalVisualiser.rc">
      <Filter>Resource Files</Filter>
    </ResourceCompile>
  </ItemGroup>
  <ItemGroup>
    <Image Include="Resources\Textures\icon.ico">
      <Filter>Resource Files\Textures</Filter>
    </Image>
  </ItemGroup>
</Project>