<?xml version="1.0" encoding="utf-8"?>
<Project ToolsVersion="4.0" xmlns="http://schemas.microsoft.com/developer/msbuild/2003">
  <ItemGroup>
    <Filter Include="Source Files">
      <UniqueIdentifier>{4FC737F1-C7A5-4376-A066-2A32D752A2FF}</UniqueIdentifier>
      <Extensions>cpp;c;cc;cxx;c++;cppm;ixx;def;odl;idl;hpj;bat;asm;asmx</Extensions>
    </Filter>
    <Filter Include="Header Files">
      <UniqueIdentifier>{93995380-89BD-4b04-88EB-625FBE52EBFB}</UniqueIdentifier>
      <Extensions>h;hh;hpp;hxx;h++;hm;inl;inc;ipp;xsd</Extensions>
    </Filter>
    <Filter Include="Resource Files">
      <UniqueIdentifier>{67DA6AB6-F800-4c08-8B7A-83BB121AAD01}</UniqueIdentifier>
      <Extensions>rc;ico;cur;bmp;dlg;rc2;rct;bin;rgs;gif;jpg;jpeg;jpe;resx;tiff;tif;png;wav;mfcribbon-ms</Extensions>
    </Filter>
    <Filter Include="Resource Files\Shaders">
      <UniqueIdentifier>{ca0df2f8-17c0-4dea-bcb3-e59cf361d7b5}</UniqueIdentifier>
    </Filter>
    <Filter Include="Resource Files\Textures">
      <UniqueIdentifier>{f6080764-d9f4-4194-b332-cb4f1e8bf880}</UniqueIdentifier>
    </Filter>
    <Filter Include="Source Files\Renderer">
      <UniqueIdentifier>{b3e6baf8-35fb-4ac7-8385-2c7db46bdc87}</UniqueIdentifier>
    </Filter>
    <Filter Include="Header Files\Renderer">
      <UniqueIdentifier>{a6d3c8a2-c4ea-464c-b6d3-83fe91485cfb}</UniqueIdentifier>
    </Filter>
    <Filter Include="Header Files\ChemVis">
      <UniqueIdentifier>{fb640ee8-cb78-4c9b-8eba-d6636038a190}</UniqueIdentifier>
    </Filter>
    <Filter Include="Source Files\ChemVis">
      <UniqueIdentifier>{fa55c786-eff0-441f-ae25-2b11989f1651}</UniqueIdentifier>
    </Filter>
    <Filter Include="Source Files\lib">
      <UniqueIdentifier>{bfba8d43-34de-4eee-955d-e394566f5f9c}</UniqueIdentifier>
    </Filter>
    <Filter Include="Source Files\lib\ImGUI">
      <UniqueIdentifier>{ba6bb28d-9d00-4a4b-8d44-c7ce9afdf3c5}</UniqueIdentifier>
    </Filter>
    <Filter Include="Header Files\ChemVis\GUI">
      <UniqueIdentifier>{f1f7e683-3a0c-4f20-99df-439ee44756f1}</UniqueIdentifier>
    </Filter>
    <Filter Include="Source Files\ChemVis\GUI">
      <UniqueIdentifier>{ee7eea67-bf0a-4611-afc0-f12927124bb0}</UniqueIdentifier>
    </Filter>
  </ItemGroup>
  <ItemGroup>
    <ClCompile Include="Renderer\VBO.cpp">
      <Filter>Source Files\Renderer</Filter>
    </ClCompile>
    <ClCompile Include="Renderer\Camera.cpp">
      <Filter>Source Files\Renderer</Filter>
    </ClCompile>
    <ClCompile Include="Renderer\EBO.cpp">
      <Filter>Source Files\Renderer</Filter>
    </ClCompile>
    <ClCompile Include="Renderer\Mesh.cpp">
      <Filter>Source Files\Renderer</Filter>
    </ClCompile>
    <ClCompile Include="Renderer\Model.cpp">
      <Filter>Source Files\Renderer</Filter>
    </ClCompile>
    <ClCompile Include="Renderer\ShaderClass.cpp">
      <Filter>Source Files\Renderer</Filter>
    </ClCompile>
    <ClCompile Include="Renderer\Texture.cpp">
      <Filter>Source Files\Renderer</Filter>
    </ClCompile>
    <ClCompile Include="Renderer\VAO.cpp">
      <Filter>Source Files\Renderer</Filter>
    </ClCompile>
    <ClCompile Include="Renderer\DebugLine.cpp">
      <Filter>Source Files\Renderer</Filter>
    </ClCompile>
    <ClCompile Include="Renderer\Grid.cpp">
      <Filter>Source Files\Renderer</Filter>
    </ClCompile>
    <ClCompile Include="Renderer\Object.cpp">
      <Filter>Source Files\Renderer</Filter>
    </ClCompile>
    <ClCompile Include="Renderer\ObjectArray.cpp">
      <Filter>Source Files\Renderer</Filter>
    </ClCompile>
    <ClCompile Include="ChemicalVis\PubchemAccess.cpp">
      <Filter>Source Files\ChemVis</Filter>
    </ClCompile>
    <ClCompile Include="Main.cpp">
      <Filter>Source Files</Filter>
    </ClCompile>
    <ClCompile Include="Renderer\glad.c">
      <Filter>Source Files\lib</Filter>
    </ClCompile>
    <ClCompile Include="Renderer\stb.cpp">
      <Filter>Source Files\lib</Filter>
    </ClCompile>
    <ClCompile Include="Libraries\include\imgui\imgui_demo.cpp">
      <Filter>Source Files\lib\ImGUI</Filter>
    </ClCompile>
    <ClCompile Include="Libraries\include\imgui\imgui_draw.cpp">
      <Filter>Source Files\lib\ImGUI</Filter>
    </ClCompile>
    <ClCompile Include="Libraries\include\imgui\imgui_widgets.cpp">
      <Filter>Source Files\lib\ImGUI</Filter>
    </ClCompile>
    <ClCompile Include="Libraries\include\imgui\imgui.cpp">
      <Filter>Source Files\lib\ImGUI</Filter>
    </ClCompile>
    <ClCompile Include="Libraries\include\imgui\backends\imgui_impl_opengl3.cpp">
      <Filter>Source Files\lib\ImGUI</Filter>
    </ClCompile>
    <ClCompile Include="Libraries\include\imgui\backends\imgui_impl_glfw.cpp">
      <Filter>Source Files\lib\ImGUI</Filter>
    </ClCompile>
    <ClCompile Include="Libraries\include\imgui\imgui_tables.cpp">
      <Filter>Source Files\lib\ImGUI</Filter>
    </ClCompile>
    <ClCompile Include="ChemicalVis\GUI.cpp">
      <Filter>Source Files\ChemVis\GUI</Filter>
    </ClCompile>
    <ClCompile Include="ChemicalVis\RenderOptions.cpp">
      <Filter>Source Files\ChemVis\GUI</Filter>
    </ClCompile>
    <ClCompile Include="ChemicalVis\ChemicalWindow.cpp">
      <Filter>Source Files\ChemVis\GUI</Filter>
    </ClCompile>
    <ClCompile Include="ChemicalDataCache.cpp">
      <Filter>Source Files\ChemVis</Filter>
    </ClCompile>
    <ClCompile Include="ChemicalVis\Chemical.cpp">
      <Filter>Source Files\ChemVis</Filter>
    </ClCompile>
    <ClCompile Include="ChemicalVis\Atom.cpp">
      <Filter>Source Files\ChemVis</Filter>
    </ClCompile>
    <ClCompile Include="ChemicalVis\ChemicalInputHandling.cpp">
      <Filter>Source Files\ChemVis</Filter>
    </ClCompile>
    <ClCompile Include="ChemicalVis\GlobalClass.cpp">
      <Filter>Source Files\ChemVis</Filter>
    </ClCompile>
  </ItemGroup>
  <ItemGroup>
    <None Include="Shaders\default.vert">
      <Filter>Resource Files\Shaders</Filter>
    </None>
    <None Include="Shaders\default.frag">
      <Filter>Resource Files\Shaders</Filter>
    </None>
    <None Include="Shaders\DebugLine.frag">
      <Filter>Resource Files\Shaders</Filter>
    </None>
    <None Include="Shaders\DebugLine.vert">
      <Filter>Resource Files\Shaders</Filter>
    </None>
    <None Include="Shaders\atom.frag">
      <Filter>Resource Files\Shaders</Filter>
    </None>
    <None Include="Shaders\gridLines.frag">
      <Filter>Resource Files\Shaders</Filter>
    </None>
    <None Include="Shaders\axisLines.frag">
      <Filter>Resource Files\Shaders</Filter>
    </None>
    <None Include="Shaders\axisLines.vert">
      <Filter>Resource Files\Shaders</Filter>
    </None>
    <None Include="ChemicalVis\Settings.json">
      <Filter>Resource Files</Filter>
    </None>
  </ItemGroup>
  <ItemGroup>
    <ClInclude Include="Renderer\Camera.h">
      <Filter>Header Files\Renderer</Filter>
    </ClInclude>
    <ClInclude Include="Renderer\EBO.h">
      <Filter>Header Files\Renderer</Filter>
    </ClInclude>
    <ClInclude Include="Renderer\Mesh.h">
      <Filter>Header Files\Renderer</Filter>
    </ClInclude>
    <ClInclude Include="Renderer\Model.h">
      <Filter>Header Files\Renderer</Filter>
    </ClInclude>
    <ClInclude Include="Renderer\ShaderClass.h">
      <Filter>Header Files\Renderer</Filter>
    </ClInclude>
    <ClInclude Include="Renderer\Texture.h">
      <Filter>Header Files\Renderer</Filter>
    </ClInclude>
    <ClInclude Include="Renderer\VAO.h">
      <Filter>Header Files\Renderer</Filter>
    </ClInclude>
    <ClInclude Include="Renderer\VBO.h">
      <Filter>Header Files\Renderer</Filter>
    </ClInclude>
    <ClInclude Include="Renderer\DebugLine.h">
      <Filter>Header Files\Renderer</Filter>
    </ClInclude>
    <ClInclude Include="Renderer\Grid.h">
      <Filter>Header Files\Renderer</Filter>
    </ClInclude>
    <ClInclude Include="Renderer\Object.h">
      <Filter>Header Files\Renderer</Filter>
    </ClInclude>
    <ClInclude Include="ChemicalVis\Atom.h">
      <Filter>Header Files\ChemVis</Filter>
    </ClInclude>
    <ClInclude Include="Renderer\ObjectArray.h">
      <Filter>Header Files\Renderer</Filter>
    </ClInclude>
    <ClInclude Include="ChemicalVis\PubchemAccess.h">
      <Filter>Header Files\ChemVis</Filter>
    </ClInclude>
    <ClInclude Include="ChemicalVis\GUI.h">
      <Filter>Header Files\ChemVis\GUI</Filter>
    </ClInclude>
    <ClInclude Include="ChemicalVis\RenderOptions.h">
      <Filter>Header Files\ChemVis\GUI</Filter>
    </ClInclude>
    <ClInclude Include="ChemicalVis\ChemicalWindow.h">
      <Filter>Header Files\ChemVis\GUI</Filter>
    </ClInclude>
    <ClInclude Include="ChemicalDataCache.h">
      <Filter>Header Files\ChemVis</Filter>
    </ClInclude>
    <ClInclude Include="ChemicalVis\Chemical.h">
      <Filter>Header Files\ChemVis</Filter>
    </ClInclude>
    <ClInclude Include="ChemicalVis\ChemicalInputHandling.h">
      <Filter>Header Files\ChemVis</Filter>
    </ClInclude>
    <ClInclude Include="ChemicalVis\GlobalClass.h">
      <Filter>Header Files\ChemVis</Filter>
    </ClInclude>
    <ClInclude Include="ChemicalVis\Settings.h">
      <Filter>Header Files\ChemVis</Filter>
    </ClInclude>
  </ItemGroup>
</Project>